
Microsoft Visual Studio Solution File, Format Version 12.00
# Visual Studio Version 17
VisualStudioVersion = 17.7.34009.444
MinimumVisualStudioVersion = 10.0.40219.1
Project("{8BC9CEB8-8B4A-11D0-8D11-00A0C91BC942}") = "Labo5", "Labo5\Labo5.vcxproj", "{3E0F122C-BEC4-4B14-BB2F-D6CC94F47A3E}"
EndProject
Global
	GlobalSection(SolutionConfigurationPlatforms) = preSolution
		Debug|x64 = Debug|x64
		Debug|x86 = Debug|x86
		Release|x64 = Release|x64
		Release|x86 = Release|x86
	EndGlobalSection
	GlobalSection(ProjectConfigurationPlatforms) = postSolution
		{3E0F122C-BEC4-4B14-BB2F-D6CC94F47A3E}.Debug|x64.ActiveCfg = Debug|x64
		{3E0F122C-BEC4-4B14-BB2F-D6CC94F47A3E}.Debug|x64.Build.0 = Debug|x64
		{3E0F122C-BEC4-4B14-BB2F-D6CC94F47A3E}.Debug|x86.ActiveCfg = Debug|Win32
		{3E0F122C-BEC4-4B14-BB2F-D6CC94F47A3E}.Debug|x86.Build.0 = Debug|Win32
		{3E0F122C-BEC4-4B14-BB2F-D6CC94F47A3E}.Release|x64.ActiveCfg = Release|x64
		{3E0F122C-BEC4-4B14-BB2F-D6CC94F47A3E}.Release|x64.Build.0 = Release|x64
		{3E0F122C-BEC4-4B14-BB2F-D6CC94F47A3E}.Release|x86.ActiveCfg = Release|Win32
		{3E0F122C-BEC4-4B14-BB2F-D6CC94F47A3E}.Release|x86.Build.0 = Release|Win32
	EndGlobalSection
	GlobalSection(SolutionProperties) = preSolution
		HideSolutionNode = FALSE
	EndGlobalSection
	GlobalSection(ExtensibilityGlobals) = postSolution
		SolutionGuid = {CD35516F-FA67-486F-A717-49809E37834B}
	EndGlobalSection
EndGlobal
